[[package]]
name = "aiodns"
version = "2.0.0"
description = "Simple DNS resolver for asyncio"
category = "main"
optional = false
python-versions = "*"

[package.dependencies]
pycares = ">=3.0.0"
typing = {version = "*", markers = "python_version < \"3.7\""}

[[package]]
name = "aiohttp"
version = "3.6.2"
description = "Async http client/server framework (asyncio)"
category = "main"
optional = false
python-versions = ">=3.5.3"

[package.dependencies]
async-timeout = ">=3.0,<4.0"
attrs = ">=17.3.0"
chardet = ">=2.0,<4.0"
idna-ssl = {version = ">=1.0", markers = "python_version < \"3.7\""}
multidict = ">=4.5,<5.0"
typing-extensions = {version = ">=3.6.5", markers = "python_version < \"3.7\""}
yarl = ">=1.0,<2.0"

[package.extras]
speedups = ["aiodns", "brotlipy", "cchardet"]

[[package]]
name = "astroid"
version = "2.4.2"
description = "An abstract syntax tree for Python with inference support."
category = "dev"
optional = false
python-versions = ">=3.5"

[package.dependencies]
lazy-object-proxy = ">=1.4.0,<1.5.0"
six = ">=1.12,<2.0"
typed-ast = {version = ">=1.4.0,<1.5", markers = "implementation_name == \"cpython\" and python_version < \"3.8\""}
wrapt = ">=1.11,<2.0"

[[package]]
name = "async-timeout"
version = "3.0.1"
description = "Timeout context manager for asyncio programs"
category = "main"
optional = false
python-versions = ">=3.5.3"

[[package]]
name = "atomicwrites"
version = "1.4.0"
description = "Atomic file writes."
category = "dev"
optional = false
python-versions = ">=2.7, !=3.0.*, !=3.1.*, !=3.2.*, !=3.3.*"

[[package]]
name = "attrs"
version = "19.3.0"
description = "Classes Without Boilerplate"
category = "main"
optional = false
python-versions = ">=2.7, !=3.0.*, !=3.1.*, !=3.2.*, !=3.3.*"

[package.extras]
azure-pipelines = ["coverage", "hypothesis", "pympler", "pytest (>=4.3.0)", "six", "zope.interface", "pytest-azurepipelines"]
dev = ["coverage", "hypothesis", "pympler", "pytest (>=4.3.0)", "six", "zope.interface", "sphinx", "pre-commit"]
docs = ["sphinx", "zope.interface"]
tests = ["coverage", "hypothesis", "pympler", "pytest (>=4.3.0)", "six", "zope.interface"]

[[package]]
name = "cchardet"
version = "2.1.6"
description = "cChardet is high speed universal character encoding detector."
category = "main"
optional = false
python-versions = "*"

[[package]]
name = "cffi"
version = "1.14.0"
description = "Foreign Function Interface for Python calling C code."
category = "main"
optional = false
python-versions = "*"

[package.dependencies]
pycparser = "*"

[[package]]
name = "chardet"
version = "3.0.4"
description = "Universal encoding detector for Python 2 and 3"
category = "main"
optional = false
python-versions = "*"

[[package]]
name = "click"
version = "7.1.2"
description = "Composable command line interface toolkit"
category = "main"
optional = false
python-versions = ">=2.7, !=3.0.*, !=3.1.*, !=3.2.*, !=3.3.*, !=3.4.*"

[[package]]
name = "click-option-group"
version = "0.2.3"
description = "Option groups missing in Click"
category = "main"
optional = false
python-versions = ">=3.6,<4"

[package.dependencies]
Click = ">=7.0,<8"

[[package]]
name = "colorama"
version = "0.4.3"
description = "Cross-platform colored terminal text."
category = "dev"
optional = false
python-versions = ">=2.7, !=3.0.*, !=3.1.*, !=3.2.*, !=3.3.*, !=3.4.*"

[[package]]
name = "funcy"
version = "1.14"
description = "A fancy and practical functional tools"
category = "main"
optional = false
python-versions = "*"

[[package]]
name = "idna"
version = "2.9"
description = "Internationalized Domain Names in Applications (IDNA)"
category = "main"
optional = false
python-versions = ">=2.7, !=3.0.*, !=3.1.*, !=3.2.*, !=3.3.*"

[[package]]
name = "idna-ssl"
version = "1.1.0"
description = "Patch ssl.match_hostname for Unicode(idna) domains support"
category = "main"
optional = false
python-versions = "*"

[package.dependencies]
idna = ">=2.0"

[[package]]
name = "importlib-metadata"
version = "1.6.1"
description = "Read metadata from Python packages"
category = "dev"
optional = false
python-versions = "!=3.0.*,!=3.1.*,!=3.2.*,!=3.3.*,!=3.4.*,>=2.7"

[package.dependencies]
zipp = ">=0.5"

[package.extras]
docs = ["sphinx", "rst.linker"]
testing = ["packaging", "pep517", "importlib-resources (>=1.3)"]

[[package]]
name = "isort"
version = "4.3.21"
description = "A Python utility / library to sort Python imports."
category = "dev"
optional = false
python-versions = ">=2.7, !=3.0.*, !=3.1.*, !=3.2.*, !=3.3.*"

[package.extras]
pipfile = ["pipreqs", "requirementslib"]
pyproject = ["toml"]
requirements = ["pipreqs", "pip-api"]
xdg_home = ["appdirs (>=1.4.0)"]

[[package]]
name = "lazy-object-proxy"
version = "1.4.3"
description = "A fast and thorough lazy object proxy."
category = "dev"
optional = false
python-versions = ">=2.7, !=3.0.*, !=3.1.*, !=3.2.*, !=3.3.*"

[[package]]
name = "mccabe"
version = "0.6.1"
description = "McCabe checker, plugin for flake8"
category = "dev"
optional = false
python-versions = "*"

[[package]]
name = "more-itertools"
version = "8.3.0"
description = "More routines for operating on iterables, beyond itertools"
category = "dev"
optional = false
python-versions = ">=3.5"

[[package]]
name = "multidict"
version = "4.7.6"
description = "multidict implementation"
category = "main"
optional = false
python-versions = ">=3.5"

[[package]]
name = "packaging"
version = "20.4"
description = "Core utilities for Python packages"
category = "dev"
optional = false
python-versions = ">=2.7, !=3.0.*, !=3.1.*, !=3.2.*, !=3.3.*"

[package.dependencies]
pyparsing = ">=2.0.2"
six = "*"

[[package]]
name = "pluggy"
version = "0.13.1"
description = "plugin and hook calling mechanisms for python"
category = "dev"
optional = false
python-versions = ">=2.7, !=3.0.*, !=3.1.*, !=3.2.*, !=3.3.*"

[package.dependencies]
importlib-metadata = {version = ">=0.12", markers = "python_version < \"3.8\""}

[package.extras]
dev = ["pre-commit", "tox"]

[[package]]
name = "py"
version = "1.8.1"
description = "library with cross-python path, ini-parsing, io, code, log facilities"
category = "dev"
optional = false
python-versions = ">=2.7, !=3.0.*, !=3.1.*, !=3.2.*, !=3.3.*"

[[package]]
name = "pycares"
version = "4.2.0"
description = "Python interface for c-ares"
category = "main"
optional = false
python-versions = "*"

[package.dependencies]
cffi = ">=1.5.0"

[package.extras]
idna = ["idna (>=2.1)"]

[[package]]
name = "pycparser"
version = "2.20"
description = "C parser in Python"
category = "main"
optional = false
python-versions = ">=2.7, !=3.0.*, !=3.1.*, !=3.2.*, !=3.3.*"

[[package]]
name = "pylint"
version = "2.5.3"
description = "python code static checker"
category = "dev"
optional = false
python-versions = ">=3.5.*"

[package.dependencies]
astroid = ">=2.4.0,<=2.5"
colorama = {version = "*", markers = "sys_platform == \"win32\""}
isort = ">=4.2.5,<5"
mccabe = ">=0.6,<0.7"
toml = ">=0.7.1"

[[package]]
name = "pyparsing"
version = "2.4.7"
description = "Python parsing module"
category = "dev"
optional = false
python-versions = ">=2.6, !=3.0.*, !=3.1.*, !=3.2.*"

[[package]]
name = "pytest"
version = "5.4.3"
description = "pytest: simple powerful testing with Python"
category = "dev"
optional = false
python-versions = ">=3.5"

[package.dependencies]
atomicwrites = {version = ">=1.0", markers = "sys_platform == \"win32\""}
attrs = ">=17.4.0"
colorama = {version = "*", markers = "sys_platform == \"win32\""}
importlib-metadata = {version = ">=0.12", markers = "python_version < \"3.8\""}
more-itertools = ">=4.0.0"
packaging = "*"
pluggy = ">=0.12,<1.0"
py = ">=1.5.0"
wcwidth = "*"

[package.extras]
checkqa-mypy = ["mypy (==v0.761)"]
testing = ["argcomplete", "hypothesis (>=3.56)", "mock", "nose", "requests", "xmlschema"]

[[package]]
name = "pytest-asyncio"
version = "0.10.0"
description = "Pytest support for asyncio."
category = "dev"
optional = false
python-versions = ">= 3.5"

[package.dependencies]
pytest = ">=3.0.6"

[package.extras]
testing = ["async-generator (>=1.3)", "coverage", "hypothesis (>=3.64)"]

[[package]]
name = "six"
version = "1.15.0"
description = "Python 2 and 3 compatibility utilities"
category = "dev"
optional = false
python-versions = ">=2.7, !=3.0.*, !=3.1.*, !=3.2.*"

[[package]]
name = "toml"
version = "0.10.1"
description = "Python Library for Tom's Obvious, Minimal Language"
category = "dev"
optional = false
python-versions = "*"

[[package]]
name = "tqdm"
version = "4.46.1"
description = "Fast, Extensible Progress Meter"
category = "main"
optional = false
python-versions = ">=2.6, !=3.0.*, !=3.1.*"

[package.extras]
dev = ["py-make (>=0.1.0)", "twine", "argopt", "pydoc-markdown"]

[[package]]
name = "typed-ast"
version = "1.4.1"
description = "a fork of Python 2 and 3 ast modules with type comment support"
category = "dev"
optional = false
python-versions = "*"

[[package]]
name = "typing"
version = "3.7.4.1"
description = "Type Hints for Python"
category = "main"
optional = false
python-versions = "*"

[[package]]
name = "typing-extensions"
version = "3.7.4.2"
description = "Backported and Experimental Type Hints for Python 3.5+"
category = "main"
optional = false
python-versions = "*"

[[package]]
name = "wcwidth"
version = "0.2.4"
description = "Measures the displayed width of unicode strings in a terminal"
category = "dev"
optional = false
python-versions = "*"

[[package]]
name = "wrapt"
version = "1.12.1"
description = "Module for decorators, wrappers and monkey patching."
category = "dev"
optional = false
python-versions = "*"

[[package]]
name = "yarl"
version = "1.4.2"
description = "Yet another URL library"
category = "main"
optional = false
python-versions = ">=3.5"

[package.dependencies]
idna = ">=2.0"
multidict = ">=4.0"

[[package]]
name = "zipp"
version = "3.1.0"
description = "Backport of pathlib-compatible object wrapper for zip files"
category = "dev"
optional = false
python-versions = ">=3.6"

[package.extras]
docs = ["sphinx", "jaraco.packaging (>=3.2)", "rst.linker (>=1.9)"]
testing = ["jaraco.itertools", "func-timeout"]

[metadata]
lock-version = "1.1"
python-versions = "^3.6 | ^3.7 | ^3.8"
content-hash = "c387aaccf0058bc83bb320df3d0370dd94b5c37cdc5a085d47a79056e384966c"

[metadata.files]
aiodns = [
    {file = "aiodns-2.0.0-py2.py3-none-any.whl", hash = "sha256:aaa5ac584f40fe778013df0aa6544bf157799bd3f608364b451840ed2c8688de"},
    {file = "aiodns-2.0.0.tar.gz", hash = "sha256:815fdef4607474295d68da46978a54481dd1e7be153c7d60f9e72773cd38d77d"},
]
aiohttp = [
    {file = "aiohttp-3.6.2-cp35-cp35m-macosx_10_13_x86_64.whl", hash = "sha256:1e984191d1ec186881ffaed4581092ba04f7c61582a177b187d3a2f07ed9719e"},
    {file = "aiohttp-3.6.2-cp35-cp35m-manylinux1_x86_64.whl", hash = "sha256:50aaad128e6ac62e7bf7bd1f0c0a24bc968a0c0590a726d5a955af193544bcec"},
    {file = "aiohttp-3.6.2-cp36-cp36m-macosx_10_13_x86_64.whl", hash = "sha256:65f31b622af739a802ca6fd1a3076fd0ae523f8485c52924a89561ba10c49b48"},
    {file = "aiohttp-3.6.2-cp36-cp36m-manylinux1_x86_64.whl", hash = "sha256:ae55bac364c405caa23a4f2d6cfecc6a0daada500274ffca4a9230e7129eac59"},
    {file = "aiohttp-3.6.2-cp36-cp36m-win32.whl", hash = "sha256:344c780466b73095a72c616fac5ea9c4665add7fc129f285fbdbca3cccf4612a"},
    {file = "aiohttp-3.6.2-cp36-cp36m-win_amd64.whl", hash = "sha256:4c6efd824d44ae697814a2a85604d8e992b875462c6655da161ff18fd4f29f17"},
    {file = "aiohttp-3.6.2-cp37-cp37m-macosx_10_13_x86_64.whl", hash = "sha256:2f4d1a4fdce595c947162333353d4a44952a724fba9ca3205a3df99a33d1307a"},
    {file = "aiohttp-3.6.2-cp37-cp37m-manylinux1_x86_64.whl", hash = "sha256:6206a135d072f88da3e71cc501c59d5abffa9d0bb43269a6dcd28d66bfafdbdd"},
    {file = "aiohttp-3.6.2-cp37-cp37m-win32.whl", hash = "sha256:b778ce0c909a2653741cb4b1ac7015b5c130ab9c897611df43ae6a58523cb965"},
    {file = "aiohttp-3.6.2-cp37-cp37m-win_amd64.whl", hash = "sha256:32e5f3b7e511aa850829fbe5aa32eb455e5534eaa4b1ce93231d00e2f76e5654"},
    {file = "aiohttp-3.6.2-py3-none-any.whl", hash = "sha256:460bd4237d2dbecc3b5ed57e122992f60188afe46e7319116da5eb8a9dfedba4"},
    {file = "aiohttp-3.6.2.tar.gz", hash = "sha256:259ab809ff0727d0e834ac5e8a283dc5e3e0ecc30c4d80b3cd17a4139ce1f326"},
]
astroid = [
    {file = "astroid-2.4.2-py3-none-any.whl", hash = "sha256:bc58d83eb610252fd8de6363e39d4f1d0619c894b0ed24603b881c02e64c7386"},
    {file = "astroid-2.4.2.tar.gz", hash = "sha256:2f4078c2a41bf377eea06d71c9d2ba4eb8f6b1af2135bec27bbbb7d8f12bb703"},
]
async-timeout = [
    {file = "async-timeout-3.0.1.tar.gz", hash = "sha256:0c3c816a028d47f659d6ff5c745cb2acf1f966da1fe5c19c77a70282b25f4c5f"},
    {file = "async_timeout-3.0.1-py3-none-any.whl", hash = "sha256:4291ca197d287d274d0b6cb5d6f8f8f82d434ed288f962539ff18cc9012f9ea3"},
]
atomicwrites = [
    {file = "atomicwrites-1.4.0-py2.py3-none-any.whl", hash = "sha256:6d1784dea7c0c8d4a5172b6c620f40b6e4cbfdf96d783691f2e1302a7b88e197"},
    {file = "atomicwrites-1.4.0.tar.gz", hash = "sha256:ae70396ad1a434f9c7046fd2dd196fc04b12f9e91ffb859164193be8b6168a7a"},
]
attrs = [
    {file = "attrs-19.3.0-py2.py3-none-any.whl", hash = "sha256:08a96c641c3a74e44eb59afb61a24f2cb9f4d7188748e76ba4bb5edfa3cb7d1c"},
    {file = "attrs-19.3.0.tar.gz", hash = "sha256:f7b7ce16570fe9965acd6d30101a28f62fb4a7f9e926b3bbc9b61f8b04247e72"},
]
cchardet = [
    {file = "cchardet-2.1.6-cp35-cp35m-macosx_10_9_x86_64.whl", hash = "sha256:2aa1b008965c703ad6597361b0f6d427c8971fe94a2c99ec3724c228ae50d6a6"},
    {file = "cchardet-2.1.6-cp35-cp35m-manylinux1_i686.whl", hash = "sha256:fd16f57ce42a72397cd9fe38977fc809eb02172731cb354572f28a6d8e4cf322"},
    {file = "cchardet-2.1.6-cp35-cp35m-manylinux1_x86_64.whl", hash = "sha256:953fe382304b19f5aa8fc2da4b092a3bb58a477d33af4def4b81abdce4c9288c"},
    {file = "cchardet-2.1.6-cp35-cp35m-manylinux2010_i686.whl", hash = "sha256:ccb9f6f06265382028468b47e726f2d42539256fb498d1b0e473c39037b42b8a"},
    {file = "cchardet-2.1.6-cp35-cp35m-manylinux2010_x86_64.whl", hash = "sha256:2c05b66b12f9ab0493c5ffb666036fd8c9004a9cc9d5a9264dc24738b50ab8c3"},
    {file = "cchardet-2.1.6-cp35-cp35m-win32.whl", hash = "sha256:dff9480d9b6260f59ad10e1cec5be13905be5da88a4a2bd5a5bd4d49c49c4a05"},
    {file = "cchardet-2.1.6-cp35-cp35m-win_amd64.whl", hash = "sha256:84d2ce838cf3c2fe7f0517941702d42f7e598e5173632ec47a113cd521669b98"},
    {file = "cchardet-2.1.6-cp36-cp36m-macosx_10_9_x86_64.whl", hash = "sha256:4486f6e5bdf06f0081d13832f2a061d9e90597eb02093fda9d37e3985e3b2ef2"},
    {file = "cchardet-2.1.6-cp36-cp36m-manylinux1_i686.whl", hash = "sha256:7a2d98df461d3f36b403fdd8d7890c823ed05bd98eb074412ed56fbfedb94751"},
    {file = "cchardet-2.1.6-cp36-cp36m-manylinux1_x86_64.whl", hash = "sha256:27b0f23088873d1dd36d2c8a2e45c9167e312e1aac7e4baeb47f7428a2669638"},
    {file = "cchardet-2.1.6-cp36-cp36m-manylinux2010_i686.whl", hash = "sha256:cf134e1cfb0c53f08abb1ab9158a7e7f859c3ddb451d5fe535a2cc5f2958a688"},
    {file = "cchardet-2.1.6-cp36-cp36m-manylinux2010_x86_64.whl", hash = "sha256:f5c94994d876d8709847c3a92643309d716f43716580a2e5831262366a9ee8b6"},
    {file = "cchardet-2.1.6-cp36-cp36m-win32.whl", hash = "sha256:217a7008bd399bdb61f6a0a2570acc5c3a9f96140e0a0d089b9e748c4d4e4c4e"},
    {file = "cchardet-2.1.6-cp36-cp36m-win_amd64.whl", hash = "sha256:2a958fb093f69ee5f16be7a1aee5122e07aff4350fa4dc9b953b87c34468e605"},
    {file = "cchardet-2.1.6-cp37-cp37m-macosx_10_9_x86_64.whl", hash = "sha256:4096759825a130cb27a58ddf6d58e10abdd0127d29fbf53fde26df7ad879737b"},
    {file = "cchardet-2.1.6-cp37-cp37m-manylinux1_i686.whl", hash = "sha256:7bba1cbb4358dc9a2d2da00f4b38b159a5483d2f3b1d698a7c2cae518f955170"},
    {file = "cchardet-2.1.6-cp37-cp37m-manylinux1_x86_64.whl", hash = "sha256:0f6e4e464e332da776b9c1a34e4e83b6301d38c2724efc93848c46ade66d02bb"},
    {file = "cchardet-2.1.6-cp37-cp37m-manylinux2010_i686.whl", hash = "sha256:acc96b4a8f756af289fa90ffa67ddef57401d99131e51e71872e3609483941ce"},
    {file = "cchardet-2.1.6-cp37-cp37m-manylinux2010_x86_64.whl", hash = "sha256:79b0e113144c2ef0050bc9fe647c7657c5298f3012ecd8937d930b24ddd61404"},
    {file = "cchardet-2.1.6-cp37-cp37m-win32.whl", hash = "sha256:8b1d02c99f6444c63336a76638741eaf4ac4005b454e3b8252a40074bf0d84a1"},
    {file = "cchardet-2.1.6-cp37-cp37m-win_amd64.whl", hash = "sha256:e27771798c8ad50df1375e762d59369354af94eb8ac21eca5bfd1eeef589f545"},
    {file = "cchardet-2.1.6-cp38-cp38-macosx_10_9_x86_64.whl", hash = "sha256:68409e00d75ff13dd7a192ec49559f5527ee8959a51a9f4dd7b168df972b4d44"},
    {file = "cchardet-2.1.6-cp38-cp38-manylinux1_i686.whl", hash = "sha256:40c199f9c0569ac479fae7c4e12d2e16fc1e8237836b928474fdd228b8d11477"},
    {file = "cchardet-2.1.6-cp38-cp38-manylinux1_x86_64.whl", hash = "sha256:8f7ade2578b2326a0a554c03f60c8d079331220179a592e83e143c9556b7f5b2"},
    {file = "cchardet-2.1.6-cp38-cp38-manylinux2010_i686.whl", hash = "sha256:5e38cfad9d3ca0f571c4352e9ca0f5ab718508f492a37d3236ae70810140e250"},
    {file = "cchardet-2.1.6-cp38-cp38-manylinux2010_x86_64.whl", hash = "sha256:af284494ea6c40f9613b4d939abe585eb9290cb92037eab66122c93190fcb338"},
    {file = "cchardet-2.1.6-cp38-cp38-win32.whl", hash = "sha256:54d2653520237ebbd2928f2c0f2eb7c616ee2b5194d73d945060cd54a7846b64"},
    {file = "cchardet-2.1.6-cp38-cp38-win_amd64.whl", hash = "sha256:f245f045054e8d6dab2a0e366d3c74f3a47fb7dec2595ae2035b234b1a829c7a"},
    {file = "cchardet-2.1.6.tar.gz", hash = "sha256:b76afb2059ad69eab576949980a17413c1e9e5a5624abf9e43542d8853f146b3"},
]
cffi = [
    {file = "cffi-1.14.0-cp27-cp27m-macosx_10_9_x86_64.whl", hash = "sha256:1cae98a7054b5c9391eb3249b86e0e99ab1e02bb0cc0575da191aedadbdf4384"},
    {file = "cffi-1.14.0-cp27-cp27m-manylinux1_i686.whl", hash = "sha256:cf16e3cf6c0a5fdd9bc10c21687e19d29ad1fe863372b5543deaec1039581a30"},
    {file = "cffi-1.14.0-cp27-cp27m-manylinux1_x86_64.whl", hash = "sha256:f2b0fa0c01d8a0c7483afd9f31d7ecf2d71760ca24499c8697aeb5ca37dc090c"},
    {file = "cffi-1.14.0-cp27-cp27m-win32.whl", hash = "sha256:99f748a7e71ff382613b4e1acc0ac83bf7ad167fb3802e35e90d9763daba4d78"},
    {file = "cffi-1.14.0-cp27-cp27m-win_amd64.whl", hash = "sha256:c420917b188a5582a56d8b93bdd8e0f6eca08c84ff623a4c16e809152cd35793"},
    {file = "cffi-1.14.0-cp27-cp27mu-manylinux1_i686.whl", hash = "sha256:399aed636c7d3749bbed55bc907c3288cb43c65c4389964ad5ff849b6370603e"},
    {file = "cffi-1.14.0-cp27-cp27mu-manylinux1_x86_64.whl", hash = "sha256:cab50b8c2250b46fe738c77dbd25ce017d5e6fb35d3407606e7a4180656a5a6a"},
    {file = "cffi-1.14.0-cp35-cp35m-macosx_10_9_x86_64.whl", hash = "sha256:001bf3242a1bb04d985d63e138230802c6c8d4db3668fb545fb5005ddf5bb5ff"},
    {file = "cffi-1.14.0-cp35-cp35m-manylinux1_i686.whl", hash = "sha256:e56c744aa6ff427a607763346e4170629caf7e48ead6921745986db3692f987f"},
    {file = "cffi-1.14.0-cp35-cp35m-manylinux1_x86_64.whl", hash = "sha256:b8c78301cefcf5fd914aad35d3c04c2b21ce8629b5e4f4e45ae6812e461910fa"},
    {file = "cffi-1.14.0-cp35-cp35m-win32.whl", hash = "sha256:8c0ffc886aea5df6a1762d0019e9cb05f825d0eec1f520c51be9d198701daee5"},
    {file = "cffi-1.14.0-cp35-cp35m-win_amd64.whl", hash = "sha256:8a6c688fefb4e1cd56feb6c511984a6c4f7ec7d2a1ff31a10254f3c817054ae4"},
    {file = "cffi-1.14.0-cp36-cp36m-macosx_10_9_x86_64.whl", hash = "sha256:95cd16d3dee553f882540c1ffe331d085c9e629499ceadfbda4d4fde635f4b7d"},
    {file = "cffi-1.14.0-cp36-cp36m-manylinux1_i686.whl", hash = "sha256:66e41db66b47d0d8672d8ed2708ba91b2f2524ece3dee48b5dfb36be8c2f21dc"},
    {file = "cffi-1.14.0-cp36-cp36m-manylinux1_x86_64.whl", hash = "sha256:028a579fc9aed3af38f4892bdcc7390508adabc30c6af4a6e4f611b0c680e6ac"},
    {file = "cffi-1.14.0-cp36-cp36m-win32.whl", hash = "sha256:cef128cb4d5e0b3493f058f10ce32365972c554572ff821e175dbc6f8ff6924f"},
    {file = "cffi-1.14.0-cp36-cp36m-win_amd64.whl", hash = "sha256:337d448e5a725bba2d8293c48d9353fc68d0e9e4088d62a9571def317797522b"},
    {file = "cffi-1.14.0-cp37-cp37m-macosx_10_9_x86_64.whl", hash = "sha256:e577934fc5f8779c554639376beeaa5657d54349096ef24abe8c74c5d9c117c3"},
    {file = "cffi-1.14.0-cp37-cp37m-manylinux1_i686.whl", hash = "sha256:62ae9af2d069ea2698bf536dcfe1e4eed9090211dbaafeeedf5cb6c41b352f66"},
    {file = "cffi-1.14.0-cp37-cp37m-manylinux1_x86_64.whl", hash = "sha256:14491a910663bf9f13ddf2bc8f60562d6bc5315c1f09c704937ef17293fb85b0"},
    {file = "cffi-1.14.0-cp37-cp37m-win32.whl", hash = "sha256:c43866529f2f06fe0edc6246eb4faa34f03fe88b64a0a9a942561c8e22f4b71f"},
    {file = "cffi-1.14.0-cp37-cp37m-win_amd64.whl", hash = "sha256:2089ed025da3919d2e75a4d963d008330c96751127dd6f73c8dc0c65041b4c26"},
    {file = "cffi-1.14.0-cp38-cp38-macosx_10_9_x86_64.whl", hash = "sha256:3b911c2dbd4f423b4c4fcca138cadde747abdb20d196c4a48708b8a2d32b16dd"},
    {file = "cffi-1.14.0-cp38-cp38-manylinux1_i686.whl", hash = "sha256:7e63cbcf2429a8dbfe48dcc2322d5f2220b77b2e17b7ba023d6166d84655da55"},
    {file = "cffi-1.14.0-cp38-cp38-manylinux1_x86_64.whl", hash = "sha256:3d311bcc4a41408cf5854f06ef2c5cab88f9fded37a3b95936c9879c1640d4c2"},
    {file = "cffi-1.14.0-cp38-cp38-win32.whl", hash = "sha256:675686925a9fb403edba0114db74e741d8181683dcf216be697d208857e04ca8"},
    {file = "cffi-1.14.0-cp38-cp38-win_amd64.whl", hash = "sha256:00789914be39dffba161cfc5be31b55775de5ba2235fe49aa28c148236c4e06b"},
    {file = "cffi-1.14.0.tar.gz", hash = "sha256:2d384f4a127a15ba701207f7639d94106693b6cd64173d6c8988e2c25f3ac2b6"},
]
chardet = [
    {file = "chardet-3.0.4-py2.py3-none-any.whl", hash = "sha256:fc323ffcaeaed0e0a02bf4d117757b98aed530d9ed4531e3e15460124c106691"},
    {file = "chardet-3.0.4.tar.gz", hash = "sha256:84ab92ed1c4d4f16916e05906b6b75a6c0fb5db821cc65e70cbd64a3e2a5eaae"},
]
click = [
    {file = "click-7.1.2-py2.py3-none-any.whl", hash = "sha256:dacca89f4bfadd5de3d7489b7c8a566eee0d3676333fbb50030263894c38c0dc"},
    {file = "click-7.1.2.tar.gz", hash = "sha256:d2b5255c7c6349bc1bd1e59e08cd12acbbd63ce649f2588755783aa94dfb6b1a"},
]
click-option-group = [
    {file = "click-option-group-0.2.3.tar.gz", hash = "sha256:41170a969a18d679347b77fc4b994fbf0d378924c86e93350dd71ade470642bd"},
    {file = "click_option_group-0.2.3-py3-none-any.whl", hash = "sha256:984bce9c06fecff751178e6b2216b993c06874544f8cb1708e922b8591498e75"},
]
colorama = [
    {file = "colorama-0.4.3-py2.py3-none-any.whl", hash = "sha256:7d73d2a99753107a36ac6b455ee49046802e59d9d076ef8e47b61499fa29afff"},
    {file = "colorama-0.4.3.tar.gz", hash = "sha256:e96da0d330793e2cb9485e9ddfd918d456036c7149416295932478192f4436a1"},
]
funcy = [
    {file = "funcy-1.14.tar.gz", hash = "sha256:75ee84c3b446f92e68a857c2267b15a1b49c631c9d5a87a5f063cd2d6761a5c4"},
]
idna = [
    {file = "idna-2.9-py2.py3-none-any.whl", hash = "sha256:a068a21ceac8a4d63dbfd964670474107f541babbd2250d61922f029858365fa"},
    {file = "idna-2.9.tar.gz", hash = "sha256:7588d1c14ae4c77d74036e8c22ff447b26d0fde8f007354fd48a7814db15b7cb"},
]
idna-ssl = [
    {file = "idna-ssl-1.1.0.tar.gz", hash = "sha256:a933e3bb13da54383f9e8f35dc4f9cb9eb9b3b78c6b36f311254d6d0d92c6c7c"},
]
importlib-metadata = [
    {file = "importlib_metadata-1.6.1-py2.py3-none-any.whl", hash = "sha256:15ec6c0fd909e893e3a08b3a7c76ecb149122fb14b7efe1199ddd4c7c57ea958"},
    {file = "importlib_metadata-1.6.1.tar.gz", hash = "sha256:0505dd08068cfec00f53a74a0ad927676d7757da81b7436a6eefe4c7cf75c545"},
]
isort = [
    {file = "isort-4.3.21-py2.py3-none-any.whl", hash = "sha256:6e811fcb295968434526407adb8796944f1988c5b65e8139058f2014cbe100fd"},
    {file = "isort-4.3.21.tar.gz", hash = "sha256:54da7e92468955c4fceacd0c86bd0ec997b0e1ee80d97f67c35a78b719dccab1"},
]
lazy-object-proxy = [
    {file = "lazy-object-proxy-1.4.3.tar.gz", hash = "sha256:f3900e8a5de27447acbf900b4750b0ddfd7ec1ea7fbaf11dfa911141bc522af0"},
    {file = "lazy_object_proxy-1.4.3-cp27-cp27m-macosx_10_13_x86_64.whl", hash = "sha256:a2238e9d1bb71a56cd710611a1614d1194dc10a175c1e08d75e1a7bcc250d442"},
    {file = "lazy_object_proxy-1.4.3-cp27-cp27m-win32.whl", hash = "sha256:efa1909120ce98bbb3777e8b6f92237f5d5c8ea6758efea36a473e1d38f7d3e4"},
    {file = "lazy_object_proxy-1.4.3-cp27-cp27m-win_amd64.whl", hash = "sha256:4677f594e474c91da97f489fea5b7daa17b5517190899cf213697e48d3902f5a"},
    {file = "lazy_object_proxy-1.4.3-cp27-cp27mu-manylinux1_x86_64.whl", hash = "sha256:0c4b206227a8097f05c4dbdd323c50edf81f15db3b8dc064d08c62d37e1a504d"},
    {file = "lazy_object_proxy-1.4.3-cp34-cp34m-manylinux1_x86_64.whl", hash = "sha256:d945239a5639b3ff35b70a88c5f2f491913eb94871780ebfabb2568bd58afc5a"},
    {file = "lazy_object_proxy-1.4.3-cp34-cp34m-win32.whl", hash = "sha256:9651375199045a358eb6741df3e02a651e0330be090b3bc79f6d0de31a80ec3e"},
    {file = "lazy_object_proxy-1.4.3-cp34-cp34m-win_amd64.whl", hash = "sha256:eba7011090323c1dadf18b3b689845fd96a61ba0a1dfbd7f24b921398affc357"},
    {file = "lazy_object_proxy-1.4.3-cp35-cp35m-manylinux1_x86_64.whl", hash = "sha256:48dab84ebd4831077b150572aec802f303117c8cc5c871e182447281ebf3ac50"},
    {file = "lazy_object_proxy-1.4.3-cp35-cp35m-win32.whl", hash = "sha256:ca0a928a3ddbc5725be2dd1cf895ec0a254798915fb3a36af0964a0a4149e3db"},
    {file = "lazy_object_proxy-1.4.3-cp35-cp35m-win_amd64.whl", hash = "sha256:194d092e6f246b906e8f70884e620e459fc54db3259e60cf69a4d66c3fda3449"},
    {file = "lazy_object_proxy-1.4.3-cp36-cp36m-manylinux1_x86_64.whl", hash = "sha256:97bb5884f6f1cdce0099f86b907aa41c970c3c672ac8b9c8352789e103cf3156"},
    {file = "lazy_object_proxy-1.4.3-cp36-cp36m-win32.whl", hash = "sha256:cb2c7c57005a6804ab66f106ceb8482da55f5314b7fcb06551db1edae4ad1531"},
    {file = "lazy_object_proxy-1.4.3-cp36-cp36m-win_amd64.whl", hash = "sha256:8d859b89baf8ef7f8bc6b00aa20316483d67f0b1cbf422f5b4dc56701c8f2ffb"},
    {file = "lazy_object_proxy-1.4.3-cp37-cp37m-macosx_10_13_x86_64.whl", hash = "sha256:1be7e4c9f96948003609aa6c974ae59830a6baecc5376c25c92d7d697e684c08"},
    {file = "lazy_object_proxy-1.4.3-cp37-cp37m-manylinux1_x86_64.whl", hash = "sha256:d74bb8693bf9cf75ac3b47a54d716bbb1a92648d5f781fc799347cfc95952383"},
    {file = "lazy_object_proxy-1.4.3-cp37-cp37m-win32.whl", hash = "sha256:9b15f3f4c0f35727d3a0fba4b770b3c4ebbb1fa907dbcc046a1d2799f3edd142"},
    {file = "lazy_object_proxy-1.4.3-cp37-cp37m-win_amd64.whl", hash = "sha256:9254f4358b9b541e3441b007a0ea0764b9d056afdeafc1a5569eee1cc6c1b9ea"},
    {file = "lazy_object_proxy-1.4.3-cp38-cp38-manylinux1_x86_64.whl", hash = "sha256:a6ae12d08c0bf9909ce12385803a543bfe99b95fe01e752536a60af2b7797c62"},
    {file = "lazy_object_proxy-1.4.3-cp38-cp38-win32.whl", hash = "sha256:5541cada25cd173702dbd99f8e22434105456314462326f06dba3e180f203dfd"},
    {file = "lazy_object_proxy-1.4.3-cp38-cp38-win_amd64.whl", hash = "sha256:59f79fef100b09564bc2df42ea2d8d21a64fdcda64979c0fa3db7bdaabaf6239"},
]
mccabe = [
    {file = "mccabe-0.6.1-py2.py3-none-any.whl", hash = "sha256:ab8a6258860da4b6677da4bd2fe5dc2c659cff31b3ee4f7f5d64e79735b80d42"},
    {file = "mccabe-0.6.1.tar.gz", hash = "sha256:dd8d182285a0fe56bace7f45b5e7d1a6ebcbf524e8f3bd87eb0f125271b8831f"},
]
more-itertools = [
    {file = "more-itertools-8.3.0.tar.gz", hash = "sha256:558bb897a2232f5e4f8e2399089e35aecb746e1f9191b6584a151647e89267be"},
    {file = "more_itertools-8.3.0-py3-none-any.whl", hash = "sha256:7818f596b1e87be009031c7653d01acc46ed422e6656b394b0f765ce66ed4982"},
]
multidict = [
    {file = "multidict-4.7.6-cp35-cp35m-macosx_10_14_x86_64.whl", hash = "sha256:275ca32383bc5d1894b6975bb4ca6a7ff16ab76fa622967625baeebcf8079000"},
    {file = "multidict-4.7.6-cp35-cp35m-manylinux1_x86_64.whl", hash = "sha256:1ece5a3369835c20ed57adadc663400b5525904e53bae59ec854a5d36b39b21a"},
    {file = "multidict-4.7.6-cp35-cp35m-win32.whl", hash = "sha256:5141c13374e6b25fe6bf092052ab55c0c03d21bd66c94a0e3ae371d3e4d865a5"},
    {file = "multidict-4.7.6-cp35-cp35m-win_amd64.whl", hash = "sha256:9456e90649005ad40558f4cf51dbb842e32807df75146c6d940b6f5abb4a78f3"},
    {file = "multidict-4.7.6-cp36-cp36m-macosx_10_14_x86_64.whl", hash = "sha256:e0d072ae0f2a179c375f67e3da300b47e1a83293c554450b29c900e50afaae87"},
    {file = "multidict-4.7.6-cp36-cp36m-manylinux1_x86_64.whl", hash = "sha256:3750f2205b800aac4bb03b5ae48025a64e474d2c6cc79547988ba1d4122a09e2"},
    {file = "multidict-4.7.6-cp36-cp36m-win32.whl", hash = "sha256:f07acae137b71af3bb548bd8da720956a3bc9f9a0b87733e0899226a2317aeb7"},
    {file = "multidict-4.7.6-cp36-cp36m-win_amd64.whl", hash = "sha256:6513728873f4326999429a8b00fc7ceddb2509b01d5fd3f3be7881a257b8d463"},
    {file = "multidict-4.7.6-cp37-cp37m-macosx_10_14_x86_64.whl", hash = "sha256:feed85993dbdb1dbc29102f50bca65bdc68f2c0c8d352468c25b54874f23c39d"},
    {file = "multidict-4.7.6-cp37-cp37m-manylinux1_x86_64.whl", hash = "sha256:fcfbb44c59af3f8ea984de67ec7c306f618a3ec771c2843804069917a8f2e255"},
    {file = "multidict-4.7.6-cp37-cp37m-win32.whl", hash = "sha256:4538273208e7294b2659b1602490f4ed3ab1c8cf9dbdd817e0e9db8e64be2507"},
    {file = "multidict-4.7.6-cp37-cp37m-win_amd64.whl", hash = "sha256:d14842362ed4cf63751648e7672f7174c9818459d169231d03c56e84daf90b7c"},
    {file = "multidict-4.7.6-cp38-cp38-macosx_10_14_x86_64.whl", hash = "sha256:c026fe9a05130e44157b98fea3ab12969e5b60691a276150db9eda71710cd10b"},
    {file = "multidict-4.7.6-cp38-cp38-manylinux1_x86_64.whl", hash = "sha256:51a4d210404ac61d32dada00a50ea7ba412e6ea945bbe992e4d7a595276d2ec7"},
    {file = "multidict-4.7.6-cp38-cp38-win32.whl", hash = "sha256:5cf311a0f5ef80fe73e4f4c0f0998ec08f954a6ec72b746f3c179e37de1d210d"},
    {file = "multidict-4.7.6-cp38-cp38-win_amd64.whl", hash = "sha256:7388d2ef3c55a8ba80da62ecfafa06a1c097c18032a501ffd4cabbc52d7f2b19"},
    {file = "multidict-4.7.6.tar.gz", hash = "sha256:fbb77a75e529021e7c4a8d4e823d88ef4d23674a202be4f5addffc72cbb91430"},
]
packaging = [
    {file = "packaging-20.4-py2.py3-none-any.whl", hash = "sha256:998416ba6962ae7fbd6596850b80e17859a5753ba17c32284f67bfff33784181"},
    {file = "packaging-20.4.tar.gz", hash = "sha256:4357f74f47b9c12db93624a82154e9b120fa8293699949152b22065d556079f8"},
]
pluggy = [
    {file = "pluggy-0.13.1-py2.py3-none-any.whl", hash = "sha256:966c145cd83c96502c3c3868f50408687b38434af77734af1e9ca461a4081d2d"},
    {file = "pluggy-0.13.1.tar.gz", hash = "sha256:15b2acde666561e1298d71b523007ed7364de07029219b604cf808bfa1c765b0"},
]
py = [
    {file = "py-1.8.1-py2.py3-none-any.whl", hash = "sha256:c20fdd83a5dbc0af9efd622bee9a5564e278f6380fffcacc43ba6f43db2813b0"},
    {file = "py-1.8.1.tar.gz", hash = "sha256:5e27081401262157467ad6e7f851b7aa402c5852dbcb3dae06768434de5752aa"},
]
pycares = [
    {file = "pycares-4.2.0-cp310-cp310-macosx_10_9_x86_64.whl", hash = "sha256:48c733b8087f618d64b05c5807264ea94987b599cf37688ba59d23c57e197ff1"},
    {file = "pycares-4.2.0-cp310-cp310-manylinux_2_17_aarch64.manylinux2014_aarch64.whl", hash = "sha256:4a491bb6c9c6420f3547e89898902e6f67a11ba42ff39026cc94aa238bcc2e67"},
    {file = "pycares-4.2.0-cp310-cp310-manylinux_2_5_i686.manylinux1_i686.manylinux_2_12_i686.manylinux2010_i686.whl", hash = "sha256:e6bbf663d89a93df0386050db430a26d98155d1c6d9f1e522ac8b01d38016c10"},
    {file = "pycares-4.2.0-cp310-cp310-manylinux_2_5_x86_64.manylinux1_x86_64.manylinux_2_12_x86_64.manylinux2010_x86_64.whl", hash = "sha256:1857631b448925aabc2b306baa27fbedb27ca49036ce5c083ae21eef7850adfa"},
    {file = "pycares-4.2.0-cp310-cp310-win32.whl", hash = "sha256:b076d5d8a3f94bc38efeb7a5ac9772190e13515a510f96d600d58b12d25b2ae7"},
    {file = "pycares-4.2.0-cp310-cp310-win_amd64.whl", hash = "sha256:496cc499980d9be6b151f5028aef9e735a4881d8c2eaa32b2562678dce463787"},
    {file = "pycares-4.2.0-cp36-cp36m-macosx_10_9_x86_64.whl", hash = "sha256:f9d057445ebc381398fb26fb87e6b9d2ed416e58074710a3e7feb6115b8a28ac"},
    {file = "pycares-4.2.0-cp36-cp36m-manylinux_2_17_aarch64.manylinux2014_aarch64.whl", hash = "sha256:ae732c15c5bb5a381c521e3eb4daf56175e890f4fa1fddf2fc2349a778a94ed0"},
    {file = "pycares-4.2.0-cp36-cp36m-manylinux_2_5_i686.manylinux1_i686.manylinux_2_12_i686.manylinux2010_i686.whl", hash = "sha256:67b9495aebd575c18cf0371636057fdaf198f8b60e7bf1ec7fdd511154094f94"},
    {file = "pycares-4.2.0-cp36-cp36m-manylinux_2_5_x86_64.manylinux1_x86_64.manylinux_2_12_x86_64.manylinux2010_x86_64.whl", hash = "sha256:a3cf407fba0ab0f21417676d480926dd438e12a0134d2e50e6164b0b4822ff63"},
    {file = "pycares-4.2.0-cp36-cp36m-win32.whl", hash = "sha256:a56eea0cf117edffb51479e2acda15b1b02a33a225838708828a5c1010333ba1"},
    {file = "pycares-4.2.0-cp36-cp36m-win_amd64.whl", hash = "sha256:9070d507349d8b75c3f3e81b7d519555cd009391ae2b8fce7505753058e6cd08"},
    {file = "pycares-4.2.0-cp37-cp37m-macosx_10_9_x86_64.whl", hash = "sha256:f1aadb7ebaa6da649ba3e665898aebd9f1ab57ece9af6c0d1c089074bf9a822a"},
    {file = "pycares-4.2.0-cp37-cp37m-manylinux_2_17_aarch64.manylinux2014_aarch64.whl", hash = "sha256:2c4a6410e01f401982b7bc9d20756a9e1549bab1cc431eb9a7a26193168895b0"},
    {file = "pycares-4.2.0-cp37-cp37m-manylinux_2_5_i686.manylinux1_i686.manylinux_2_12_i686.manylinux2010_i686.whl", hash = "sha256:a1c0cc79c442eecd0beeaf2bcd91541a0ff366b43df5bb061d57dbe8b5d04c38"},
    {file = "pycares-4.2.0-cp37-cp37m-manylinux_2_5_x86_64.manylinux1_x86_64.manylinux_2_12_x86_64.manylinux2010_x86_64.whl", hash = "sha256:bc24ee402697d4babe3a3652af6ede7fdd18f8d33a691d62c1e33131435f66e2"},
    {file = "pycares-4.2.0-cp37-cp37m-win32.whl", hash = "sha256:e7b396e074efca974b211378f2bfb864f9be0465ba75f6a8851d8b115d928d79"},
    {file = "pycares-4.2.0-cp37-cp37m-win_amd64.whl", hash = "sha256:84d6572dff420631758ebdffc13283895e7fb04a54823641fa3830cdcb6f4743"},
    {file = "pycares-4.2.0-cp38-cp38-macosx_10_9_x86_64.whl", hash = "sha256:23d3f272b9f6ea80e488de76ea93e0edde418d545e86562b9e9094952a6ce658"},
    {file = "pycares-4.2.0-cp38-cp38-manylinux_2_17_aarch64.manylinux2014_aarch64.whl", hash = "sha256:88709762179daa858b494f66f5ad35cf9e4be39893a565aa24148a237d05f3cd"},
    {file = "pycares-4.2.0-cp38-cp38-manylinux_2_5_i686.manylinux1_i686.manylinux_2_12_i686.manylinux2010_i686.whl", hash = "sha256:ad97e6db69a8b825fa4590cddbd00b00441fc16bfbebf3a37f6f9b6f72d9380d"},
    {file = "pycares-4.2.0-cp38-cp38-manylinux_2_5_x86_64.manylinux1_x86_64.manylinux_2_12_x86_64.manylinux2010_x86_64.whl", hash = "sha256:e0cffbf241c0384a6b56e2cddfb7bbd7b9830954edd756f685ad2b36e54ee107"},
    {file = "pycares-4.2.0-cp38-cp38-win32.whl", hash = "sha256:bce6e64b85aad08dbeb6f92aecd53d856ac534fb70e6d3a5baa7cda8d2301c16"},
    {file = "pycares-4.2.0-cp38-cp38-win_amd64.whl", hash = "sha256:2539b9e20c52d9daedfa5f52f84ba6ea8cb351236fcda6034ab5422f0be1d171"},
    {file = "pycares-4.2.0-cp39-cp39-macosx_10_9_x86_64.whl", hash = "sha256:2707044e62ae32d816141e99bb2cfbba02700f4b5ffebbd7ba3fb2070af9a5ff"},
    {file = "pycares-4.2.0-cp39-cp39-manylinux_2_17_aarch64.manylinux2014_aarch64.whl", hash = "sha256:3178be9e269795216376220d8a847bf30497fcf415821d58659b07dc2873e9b2"},
    {file = "pycares-4.2.0-cp39-cp39-manylinux_2_5_i686.manylinux1_i686.manylinux_2_12_i686.manylinux2010_i686.whl", hash = "sha256:de97ae19883b3f49f7c75d60292d49a21d06e64113ed69b5c6d5eba8ae4ef60a"},
    {file = "pycares-4.2.0-cp39-cp39-manylinux_2_5_x86_64.manylinux1_x86_64.manylinux_2_12_x86_64.manylinux2010_x86_64.whl", hash = "sha256:45cc3feae3335b70cd4ec7447cd6ef9c11c7d9aa6731153cb87bae4db69fed8d"},
    {file = "pycares-4.2.0-cp39-cp39-win32.whl", hash = "sha256:8401526f945c96210f81887ad38d5415113f149719893006fc148862fbf4c128"},
    {file = "pycares-4.2.0-cp39-cp39-win_amd64.whl", hash = "sha256:50a50b6c55919563745b0b242aa54eeb727696351ac187156d2d0ab9614fd726"},
    {file = "pycares-4.2.0.tar.gz", hash = "sha256:b286649597791cd53072b2f3383cc38fc14a8ab016b78cb04bdcaa6ecce3b8ce"},
]
pycparser = [
    {file = "pycparser-2.20-py2.py3-none-any.whl", hash = "sha256:7582ad22678f0fcd81102833f60ef8d0e57288b6b5fb00323d101be910e35705"},
    {file = "pycparser-2.20.tar.gz", hash = "sha256:2d475327684562c3a96cc71adf7dc8c4f0565175cf86b6d7a404ff4c771f15f0"},
]
pylint = [
    {file = "pylint-2.5.3-py3-none-any.whl", hash = "sha256:d0ece7d223fe422088b0e8f13fa0a1e8eb745ebffcb8ed53d3e95394b6101a1c"},
    {file = "pylint-2.5.3.tar.gz", hash = "sha256:7dd78437f2d8d019717dbf287772d0b2dbdfd13fc016aa7faa08d67bccc46adc"},
]
pyparsing = [
    {file = "pyparsing-2.4.7-py2.py3-none-any.whl", hash = "sha256:ef9d7589ef3c200abe66653d3f1ab1033c3c419ae9b9bdb1240a85b024efc88b"},
    {file = "pyparsing-2.4.7.tar.gz", hash = "sha256:c203ec8783bf771a155b207279b9bccb8dea02d8f0c9e5f8ead507bc3246ecc1"},
]
pytest = [
    {file = "pytest-5.4.3-py3-none-any.whl", hash = "sha256:5c0db86b698e8f170ba4582a492248919255fcd4c79b1ee64ace34301fb589a1"},
    {file = "pytest-5.4.3.tar.gz", hash = "sha256:7979331bfcba207414f5e1263b5a0f8f521d0f457318836a7355531ed1a4c7d8"},
]
pytest-asyncio = [
    {file = "pytest-asyncio-0.10.0.tar.gz", hash = "sha256:9fac5100fd716cbecf6ef89233e8590a4ad61d729d1732e0a96b84182df1daaf"},
    {file = "pytest_asyncio-0.10.0-py3-none-any.whl", hash = "sha256:d734718e25cfc32d2bf78d346e99d33724deeba774cc4afdf491530c6184b63b"},
]
six = [
    {file = "six-1.15.0-py2.py3-none-any.whl", hash = "sha256:8b74bedcbbbaca38ff6d7491d76f2b06b3592611af620f8426e82dddb04a5ced"},
    {file = "six-1.15.0.tar.gz", hash = "sha256:30639c035cdb23534cd4aa2dd52c3bf48f06e5f4a941509c8bafd8ce11080259"},
]
toml = [
    {file = "toml-0.10.1-py2.py3-none-any.whl", hash = "sha256:bda89d5935c2eac546d648028b9901107a595863cb36bae0c73ac804a9b4ce88"},
    {file = "toml-0.10.1.tar.gz", hash = "sha256:926b612be1e5ce0634a2ca03470f95169cf16f939018233a670519cb4ac58b0f"},
]
tqdm = [
    {file = "tqdm-4.46.1-py2.py3-none-any.whl", hash = "sha256:07c06493f1403c1380b630ae3dcbe5ae62abcf369a93bbc052502279f189ab8c"},
    {file = "tqdm-4.46.1.tar.gz", hash = "sha256:cd140979c2bebd2311dfb14781d8f19bd5a9debb92dcab9f6ef899c987fcf71f"},
]
typed-ast = [
    {file = "typed_ast-1.4.1-cp35-cp35m-manylinux1_i686.whl", hash = "sha256:73d785a950fc82dd2a25897d525d003f6378d1cb23ab305578394694202a58c3"},
    {file = "typed_ast-1.4.1-cp35-cp35m-manylinux1_x86_64.whl", hash = "sha256:aaee9905aee35ba5905cfb3c62f3e83b3bec7b39413f0a7f19be4e547ea01ebb"},
    {file = "typed_ast-1.4.1-cp35-cp35m-win32.whl", hash = "sha256:0c2c07682d61a629b68433afb159376e24e5b2fd4641d35424e462169c0a7919"},
    {file = "typed_ast-1.4.1-cp35-cp35m-win_amd64.whl", hash = "sha256:4083861b0aa07990b619bd7ddc365eb7fa4b817e99cf5f8d9cf21a42780f6e01"},
    {file = "typed_ast-1.4.1-cp36-cp36m-macosx_10_9_x86_64.whl", hash = "sha256:269151951236b0f9a6f04015a9004084a5ab0d5f19b57de779f908621e7d8b75"},
    {file = "typed_ast-1.4.1-cp36-cp36m-manylinux1_i686.whl", hash = "sha256:24995c843eb0ad11a4527b026b4dde3da70e1f2d8806c99b7b4a7cf491612652"},
    {file = "typed_ast-1.4.1-cp36-cp36m-manylinux1_x86_64.whl", hash = "sha256:fe460b922ec15dd205595c9b5b99e2f056fd98ae8f9f56b888e7a17dc2b757e7"},
    {file = "typed_ast-1.4.1-cp36-cp36m-manylinux2014_aarch64.whl", hash = "sha256:fcf135e17cc74dbfbc05894ebca928ffeb23d9790b3167a674921db19082401f"},
    {file = "typed_ast-1.4.1-cp36-cp36m-win32.whl", hash = "sha256:4e3e5da80ccbebfff202a67bf900d081906c358ccc3d5e3c8aea42fdfdfd51c1"},
    {file = "typed_ast-1.4.1-cp36-cp36m-win_amd64.whl", hash = "sha256:249862707802d40f7f29f6e1aad8d84b5aa9e44552d2cc17384b209f091276aa"},
    {file = "typed_ast-1.4.1-cp37-cp37m-macosx_10_9_x86_64.whl", hash = "sha256:8ce678dbaf790dbdb3eba24056d5364fb45944f33553dd5869b7580cdbb83614"},
    {file = "typed_ast-1.4.1-cp37-cp37m-manylinux1_i686.whl", hash = "sha256:c9e348e02e4d2b4a8b2eedb48210430658df6951fa484e59de33ff773fbd4b41"},
    {file = "typed_ast-1.4.1-cp37-cp37m-manylinux1_x86_64.whl", hash = "sha256:bcd3b13b56ea479b3650b82cabd6b5343a625b0ced5429e4ccad28a8973f301b"},
    {file = "typed_ast-1.4.1-cp37-cp37m-manylinux2014_aarch64.whl", hash = "sha256:f208eb7aff048f6bea9586e61af041ddf7f9ade7caed625742af423f6bae3298"},
    {file = "typed_ast-1.4.1-cp37-cp37m-win32.whl", hash = "sha256:d5d33e9e7af3b34a40dc05f498939f0ebf187f07c385fd58d591c533ad8562fe"},
    {file = "typed_ast-1.4.1-cp37-cp37m-win_amd64.whl", hash = "sha256:0666aa36131496aed8f7be0410ff974562ab7eeac11ef351def9ea6fa28f6355"},
    {file = "typed_ast-1.4.1-cp38-cp38-macosx_10_15_x86_64.whl", hash = "sha256:d205b1b46085271b4e15f670058ce182bd1199e56b317bf2ec004b6a44f911f6"},
    {file = "typed_ast-1.4.1-cp38-cp38-manylinux1_i686.whl", hash = "sha256:6daac9731f172c2a22ade6ed0c00197ee7cc1221aa84cfdf9c31defeb059a907"},
    {file = "typed_ast-1.4.1-cp38-cp38-manylinux1_x86_64.whl", hash = "sha256:498b0f36cc7054c1fead3d7fc59d2150f4d5c6c56ba7fb150c013fbc683a8d2d"},
    {file = "typed_ast-1.4.1-cp38-cp38-manylinux2014_aarch64.whl", hash = "sha256:7e4c9d7658aaa1fc80018593abdf8598bf91325af6af5cce4ce7c73bc45ea53d"},
    {file = "typed_ast-1.4.1-cp38-cp38-win32.whl", hash = "sha256:715ff2f2df46121071622063fc7543d9b1fd19ebfc4f5c8895af64a77a8c852c"},
    {file = "typed_ast-1.4.1-cp38-cp38-win_amd64.whl", hash = "sha256:fc0fea399acb12edbf8a628ba8d2312f583bdbdb3335635db062fa98cf71fca4"},
    {file = "typed_ast-1.4.1-cp39-cp39-macosx_10_15_x86_64.whl", hash = "sha256:d43943ef777f9a1c42bf4e552ba23ac77a6351de620aa9acf64ad54933ad4d34"},
    {file = "typed_ast-1.4.1-cp39-cp39-macosx_10_9_x86_64.whl", hash = "sha256:92c325624e304ebf0e025d1224b77dd4e6393f18aab8d829b5b7e04afe9b7a2c"},
    {file = "typed_ast-1.4.1-cp39-cp39-manylinux1_i686.whl", hash = "sha256:d648b8e3bf2fe648745c8ffcee3db3ff903d0817a01a12dd6a6ea7a8f4889072"},
    {file = "typed_ast-1.4.1-cp39-cp39-manylinux1_x86_64.whl", hash = "sha256:fac11badff8313e23717f3dada86a15389d0708275bddf766cca67a84ead3e91"},
    {file = "typed_ast-1.4.1-cp39-cp39-manylinux2014_aarch64.whl", hash = "sha256:0d8110d78a5736e16e26213114a38ca35cb15b6515d535413b090bd50951556d"},
    {file = "typed_ast-1.4.1-cp39-cp39-win32.whl", hash = "sha256:b52ccf7cfe4ce2a1064b18594381bccf4179c2ecf7f513134ec2f993dd4ab395"},
    {file = "typed_ast-1.4.1-cp39-cp39-win_amd64.whl", hash = "sha256:3742b32cf1c6ef124d57f95be609c473d7ec4c14d0090e5a5e05a15269fb4d0c"},
    {file = "typed_ast-1.4.1.tar.gz", hash = "sha256:8c8aaad94455178e3187ab22c8b01a3837f8ee50e09cf31f1ba129eb293ec30b"},
]
typing = [
    {file = "typing-3.7.4.1-py2-none-any.whl", hash = "sha256:c8cabb5ab8945cd2f54917be357d134db9cc1eb039e59d1606dc1e60cb1d9d36"},
    {file = "typing-3.7.4.1-py3-none-any.whl", hash = "sha256:f38d83c5a7a7086543a0f649564d661859c5146a85775ab90c0d2f93ffaa9714"},
    {file = "typing-3.7.4.1.tar.gz", hash = "sha256:91dfe6f3f706ee8cc32d38edbbf304e9b7583fb37108fef38229617f8b3eba23"},
]
typing-extensions = [
    {file = "typing_extensions-3.7.4.2-py2-none-any.whl", hash = "sha256:f8d2bd89d25bc39dabe7d23df520442fa1d8969b82544370e03d88b5a591c392"},
    {file = "typing_extensions-3.7.4.2-py3-none-any.whl", hash = "sha256:6e95524d8a547a91e08f404ae485bbb71962de46967e1b71a0cb89af24e761c5"},
    {file = "typing_extensions-3.7.4.2.tar.gz", hash = "sha256:79ee589a3caca649a9bfd2a8de4709837400dfa00b6cc81962a1e6a1815969ae"},
]
wcwidth = [
    {file = "wcwidth-0.2.4-py2.py3-none-any.whl", hash = "sha256:79375666b9954d4a1a10739315816324c3e73110af9d0e102d906fdb0aec009f"},
    {file = "wcwidth-0.2.4.tar.gz", hash = "sha256:8c6b5b6ee1360b842645f336d9e5d68c55817c26d3050f46b235ef2bc650e48f"},
]
wrapt = [
    {file = "wrapt-1.12.1.tar.gz", hash = "sha256:b62ffa81fb85f4332a4f609cab4ac40709470da05643a082ec1eb88e6d9b97d7"},
]
yarl = [
    {file = "yarl-1.4.2-cp35-cp35m-macosx_10_13_x86_64.whl", hash = "sha256:3ce3d4f7c6b69c4e4f0704b32eca8123b9c58ae91af740481aa57d7857b5e41b"},
    {file = "yarl-1.4.2-cp35-cp35m-manylinux1_x86_64.whl", hash = "sha256:a4844ebb2be14768f7994f2017f70aca39d658a96c786211be5ddbe1c68794c1"},
    {file = "yarl-1.4.2-cp35-cp35m-win32.whl", hash = "sha256:d8cdee92bc930d8b09d8bd2043cedd544d9c8bd7436a77678dd602467a993080"},
    {file = "yarl-1.4.2-cp35-cp35m-win_amd64.whl", hash = "sha256:c2b509ac3d4b988ae8769901c66345425e361d518aecbe4acbfc2567e416626a"},
    {file = "yarl-1.4.2-cp36-cp36m-macosx_10_13_x86_64.whl", hash = "sha256:308b98b0c8cd1dfef1a0311dc5e38ae8f9b58349226aa0533f15a16717ad702f"},
    {file = "yarl-1.4.2-cp36-cp36m-manylinux1_x86_64.whl", hash = "sha256:944494be42fa630134bf907714d40207e646fd5a94423c90d5b514f7b0713fea"},
    {file = "yarl-1.4.2-cp36-cp36m-win32.whl", hash = "sha256:5b10eb0e7f044cf0b035112446b26a3a2946bca9d7d7edb5e54a2ad2f6652abb"},
    {file = "yarl-1.4.2-cp36-cp36m-win_amd64.whl", hash = "sha256:a161de7e50224e8e3de6e184707476b5a989037dcb24292b391a3d66ff158e70"},
    {file = "yarl-1.4.2-cp37-cp37m-macosx_10_13_x86_64.whl", hash = "sha256:26d7c90cb04dee1665282a5d1a998defc1a9e012fdca0f33396f81508f49696d"},
    {file = "yarl-1.4.2-cp37-cp37m-manylinux1_x86_64.whl", hash = "sha256:0c2ab325d33f1b824734b3ef51d4d54a54e0e7a23d13b86974507602334c2cce"},
    {file = "yarl-1.4.2-cp37-cp37m-win32.whl", hash = "sha256:e15199cdb423316e15f108f51249e44eb156ae5dba232cb73be555324a1d49c2"},
    {file = "yarl-1.4.2-cp37-cp37m-win_amd64.whl", hash = "sha256:2098a4b4b9d75ee352807a95cdf5f10180db903bc5b7270715c6bbe2551f64ce"},
    {file = "yarl-1.4.2-cp38-cp38-macosx_10_13_x86_64.whl", hash = "sha256:c9959d49a77b0e07559e579f38b2f3711c2b8716b8410b320bf9713013215a1b"},
    {file = "yarl-1.4.2-cp38-cp38-manylinux1_x86_64.whl", hash = "sha256:25e66e5e2007c7a39541ca13b559cd8ebc2ad8fe00ea94a2aad28a9b1e44e5ae"},
    {file = "yarl-1.4.2-cp38-cp38-win32.whl", hash = "sha256:6faa19d3824c21bcbfdfce5171e193c8b4ddafdf0ac3f129ccf0cdfcb083e462"},
    {file = "yarl-1.4.2-cp38-cp38-win_amd64.whl", hash = "sha256:0ca2f395591bbd85ddd50a82eb1fde9c1066fafe888c5c7cc1d810cf03fd3cc6"},
    {file = "yarl-1.4.2.tar.gz", hash = "sha256:58cd9c469eced558cd81aa3f484b2924e8897049e06889e8ff2510435b7ef74b"},
]
zipp = [
    {file = "zipp-3.1.0-py3-none-any.whl", hash = "sha256:aa36550ff0c0b7ef7fa639055d797116ee891440eac1a56f378e2d3179e0320b"},
    {file = "zipp-3.1.0.tar.gz", hash = "sha256:c599e4d75c98f6798c509911d08a22e6c021d074469042177c8c86fb92eefd96"},
]
